<?xml version="1.0" encoding="utf-8"?>
<Project ToolsVersion="4.0" xmlns="http://schemas.microsoft.com/developer/msbuild/2003">
  <ItemGroup>
    <Filter Include="Source Files">
      <UniqueIdentifier>{4FC737F1-C7A5-4376-A066-2A32D752A2FF}</UniqueIdentifier>
      <Extensions>cpp;c;cc;cxx;def;odl;idl;hpj;bat;asm;asmx</Extensions>
    </Filter>
    <Filter Include="Header Files">
      <UniqueIdentifier>{93995380-89BD-4b04-88EB-625FBE52EBFB}</UniqueIdentifier>
      <Extensions>h;hh;hpp;hxx;hm;inl;inc;xsd</Extensions>
    </Filter>
    <Filter Include="Resource Files">
      <UniqueIdentifier>{67DA6AB6-F800-4c08-8B7A-83BB121AAD01}</UniqueIdentifier>
      <Extensions>rc;ico;cur;bmp;dlg;rc2;rct;bin;rgs;gif;jpg;jpeg;jpe;resx;tiff;tif;png;wav;mfcribbon-ms</Extensions>
    </Filter>
  </ItemGroup>
  <ItemGroup>
    <ClInclude Include="include\geo\albers.h">
      <Filter>Header Files</Filter>
    </ClInclude>
    <ClInclude Include="include\geo\aza.h">
      <Filter>Header Files</Filter>
    </ClInclude>
    <ClInclude Include="include\geo\azimeqd.h">
      <Filter>Header Files</Filter>
    </ClInclude>
    <ClInclude Include="include\geo\cassini.h">
      <Filter>Header Files</Filter>
    </ClInclude>
    <ClInclude Include="include\geo\ellip.h">
      <Filter>Header Files</Filter>
    </ClInclude>
    <ClInclude Include="include\geo\finterp.h">
      <Filter>Header Files</Filter>
    </ClInclude>
    <ClInclude Include="include\geo\geodesy.h">
      <Filter>Header Files</Filter>
    </ClInclude>
    <ClInclude Include="include\geo\hom.h">
      <Filter>Header Files</Filter>
    </ClInclude>
    <ClInclude Include="include\geo\lambert.h">
      <Filter>Header Files</Filter>
    </ClInclude>
    <ClInclude Include="include\geo\mercator.h">
      <Filter>Header Files</Filter>
    </ClInclude>
    <ClInclude Include="include\geo\ocy.h">
      <Filter>Header Files</Filter>
    </ClInclude>
    <ClInclude Include="include\geo\ome.h">
      <Filter>Header Files</Filter>
    </ClInclude>
    <ClInclude Include="include\geo\plate.h">
      <Filter>Header Files</Filter>
    </ClInclude>
    <ClInclude Include="include\geo\polycon.h">
      <Filter>Header Files</Filter>
    </ClInclude>
    <ClInclude Include="include\geo\rso.h">
      <Filter>Header Files</Filter>
    </ClInclude>
    <ClInclude Include="include\geo\stereo.h">
      <Filter>Header Files</Filter>
    </ClInclude>
    <ClInclude Include="include\geo\tranmerc.h">
      <Filter>Header Files</Filter>
    </ClInclude>
    <ClInclude Include="include\geo\projection.h">
      <Filter>Header Files</Filter>
    </ClInclude>
    <ClInclude Include="include\geo\geostruct.h">
      <Filter>Header Files</Filter>
    </ClInclude>
  </ItemGroup>
  <ItemGroup>
    <ClCompile Include="source\geo\albers.cpp">
      <Filter>Source Files</Filter>
    </ClCompile>
    <ClCompile Include="source\geo\aza.cpp">
      <Filter>Source Files</Filter>
    </ClCompile>
    <ClCompile Include="source\geo\azimeqd.cpp">
      <Filter>Source Files</Filter>
    </ClCompile>
    <ClCompile Include="source\geo\cassini.cpp">
      <Filter>Source Files</Filter>
    </ClCompile>
    <ClCompile Include="source\geo\ellip.cpp">
      <Filter>Source Files</Filter>
    </ClCompile>
    <ClCompile Include="source\geo\hom.cpp">
      <Filter>Source Files</Filter>
    </ClCompile>
    <ClCompile Include="source\geo\lambert.cpp">
      <Filter>Source Files</Filter>
    </ClCompile>
    <ClCompile Include="source\geo\mercator.cpp">
      <Filter>Source Files</Filter>
    </ClCompile>
    <ClCompile Include="source\geo\ocy.cpp">
      <Filter>Source Files</Filter>
    </ClCompile>
    <ClCompile Include="source\geo\ome.cpp">
      <Filter>Source Files</Filter>
    </ClCompile>
    <ClCompile Include="source\geo\plate.cpp">
      <Filter>Source Files</Filter>
    </ClCompile>
    <ClCompile Include="source\geo\polycon.cpp">
      <Filter>Source Files</Filter>
    </ClCompile>
    <ClCompile Include="source\geo\rso.cpp">
      <Filter>Source Files</Filter>
    </ClCompile>
    <ClCompile Include="source\geo\stereo.cpp">
      <Filter>Source Files</Filter>
    </ClCompile>
    <ClCompile Include="source\geo\tranmerc.cpp">
      <Filter>Source Files</Filter>
    </ClCompile>
    <ClCompile Include="source\geo\projection.cpp">
      <Filter>Source Files</Filter>
    </ClCompile>
  </ItemGroup>
</Project>