<?xml version="1.0" encoding="utf-8"?>
<Project ToolsVersion="4.0" xmlns="http://schemas.microsoft.com/developer/msbuild/2003">
  <ItemGroup>
    <Filter Include="Source Files">
      <UniqueIdentifier>{4FC737F1-C7A5-4376-A066-2A32D752A2FF}</UniqueIdentifier>
      <Extensions>cpp;c;cc;cxx;def;odl;idl;hpj;bat;asm;asmx</Extensions>
    </Filter>
    <Filter Include="Header Files">
      <UniqueIdentifier>{93995380-89BD-4b04-88EB-625FBE52EBFB}</UniqueIdentifier>
      <Extensions>h;hh;hpp;hxx;hm;inl;inc;xsd</Extensions>
    </Filter>
    <Filter Include="Resource Files">
      <UniqueIdentifier>{67DA6AB6-F800-4c08-8B7A-83BB121AAD01}</UniqueIdentifier>
      <Extensions>rc;ico;cur;bmp;dlg;rc2;rct;bin;rgs;gif;jpg;jpeg;jpe;resx;tiff;tif;png;wav;mfcribbon-ms</Extensions>
    </Filter>
  </ItemGroup>
  <ItemGroup>
    <ClCompile Include="source\nmea\checksum.cpp">
      <Filter>Source Files</Filter>
    </ClCompile>
    <ClCompile Include="source\nmea\dbs.cpp">
      <Filter>Source Files</Filter>
    </ClCompile>
    <ClCompile Include="source\nmea\dbt.cpp">
      <Filter>Source Files</Filter>
    </ClCompile>
    <ClCompile Include="source\nmea\dpt.cpp">
      <Filter>Source Files</Filter>
    </ClCompile>
    <ClCompile Include="source\nmea\gga.cpp">
      <Filter>Source Files</Filter>
    </ClCompile>
    <ClCompile Include="source\nmea\ggk.cpp">
      <Filter>Source Files</Filter>
    </ClCompile>
    <ClCompile Include="source\nmea\gll.cpp">
      <Filter>Source Files</Filter>
    </ClCompile>
    <ClCompile Include="source\nmea\gns.cpp">
      <Filter>Source Files</Filter>
    </ClCompile>
    <ClCompile Include="source\nmea\gsa.cpp">
      <Filter>Source Files</Filter>
    </ClCompile>
    <ClCompile Include="source\nmea\gst.cpp">
      <Filter>Source Files</Filter>
    </ClCompile>
    <ClCompile Include="source\nmea\gsv.cpp">
      <Filter>Source Files</Filter>
    </ClCompile>
    <ClCompile Include="source\nmea\gxp.cpp">
      <Filter>Source Files</Filter>
    </ClCompile>
    <ClCompile Include="source\nmea\hdg.cpp">
      <Filter>Source Files</Filter>
    </ClCompile>
    <ClCompile Include="source\nmea\hdm.cpp">
      <Filter>Source Files</Filter>
    </ClCompile>
    <ClCompile Include="source\nmea\hdt.cpp">
      <Filter>Source Files</Filter>
    </ClCompile>
    <ClCompile Include="source\nmea\llq.cpp">
      <Filter>Source Files</Filter>
    </ClCompile>
    <ClCompile Include="source\nmea\nmeac.cpp">
      <Filter>Source Files</Filter>
    </ClCompile>
    <ClCompile Include="source\nmea\pashr.cpp">
      <Filter>Source Files</Filter>
    </ClCompile>
    <ClCompile Include="source\nmea\psat-hpr.cpp">
      <Filter>Source Files</Filter>
    </ClCompile>
    <ClCompile Include="source\nmea\ptnl-ggk.cpp">
      <Filter>Source Files</Filter>
    </ClCompile>
    <ClCompile Include="source\nmea\ptnl-qa.cpp">
      <Filter>Source Files</Filter>
    </ClCompile>
    <ClCompile Include="source\nmea\rmc.cpp">
      <Filter>Source Files</Filter>
    </ClCompile>
    <ClCompile Include="source\nmea\ttm.cpp">
      <Filter>Source Files</Filter>
    </ClCompile>
    <ClCompile Include="source\nmea\vtg.cpp">
      <Filter>Source Files</Filter>
    </ClCompile>
    <ClCompile Include="source\nmea\zda.cpp">
      <Filter>Source Files</Filter>
    </ClCompile>
  </ItemGroup>
  <ItemGroup>
    <ClInclude Include="source\nmea\nmeac.h">
      <Filter>Header Files</Filter>
    </ClInclude>
    <ClInclude Include="include\nmea.h">
      <Filter>Header Files</Filter>
    </ClInclude>
  </ItemGroup>
</Project>