<?xml version="1.0" encoding="utf-8"?>
<Project ToolsVersion="4.0" xmlns="http://schemas.microsoft.com/developer/msbuild/2003">
  <ItemGroup>
    <Filter Include="Source Files">
      <UniqueIdentifier>{4FC737F1-C7A5-4376-A066-2A32D752A2FF}</UniqueIdentifier>
      <Extensions>cpp;c;cc;cxx;def;odl;idl;hpj;bat;asm;asmx</Extensions>
    </Filter>
    <Filter Include="Header Files">
      <UniqueIdentifier>{93995380-89BD-4b04-88EB-625FBE52EBFB}</UniqueIdentifier>
      <Extensions>h;hh;hpp;hxx;hm;inl;inc;xsd</Extensions>
    </Filter>
    <Filter Include="Resource Files">
      <UniqueIdentifier>{67DA6AB6-F800-4c08-8B7A-83BB121AAD01}</UniqueIdentifier>
      <Extensions>rc;ico;cur;bmp;dlg;rc2;rct;bin;rgs;gif;jpg;jpeg;jpe;resx;tiff;tif;png;wav;mfcribbon-ms</Extensions>
    </Filter>
  </ItemGroup>
  <ItemGroup>
    <ClCompile Include="source\utpp\AssertException.cpp">
      <Filter>Source Files</Filter>
    </ClCompile>
    <ClCompile Include="source\utpp\Checks.cpp">
      <Filter>Source Files</Filter>
    </ClCompile>
    <ClCompile Include="source\utpp\CurrentTest.cpp">
      <Filter>Source Files</Filter>
    </ClCompile>
    <ClCompile Include="source\utpp\DeferredTestReporter.cpp">
      <Filter>Source Files</Filter>
    </ClCompile>
    <ClCompile Include="source\utpp\DeferredTestResult.cpp">
      <Filter>Source Files</Filter>
    </ClCompile>
    <ClCompile Include="source\utpp\ReportAssert.cpp">
      <Filter>Source Files</Filter>
    </ClCompile>
    <ClCompile Include="source\utpp\Test.cpp">
      <Filter>Source Files</Filter>
    </ClCompile>
    <ClCompile Include="source\utpp\TestDetails.cpp">
      <Filter>Source Files</Filter>
    </ClCompile>
    <ClCompile Include="source\utpp\TestList.cpp">
      <Filter>Source Files</Filter>
    </ClCompile>
    <ClCompile Include="source\utpp\TestReporterStdout.cpp">
      <Filter>Source Files</Filter>
    </ClCompile>
    <ClCompile Include="source\utpp\TestResults.cpp">
      <Filter>Source Files</Filter>
    </ClCompile>
    <ClCompile Include="source\utpp\TestRunner.cpp">
      <Filter>Source Files</Filter>
    </ClCompile>
    <ClCompile Include="source\utpp\TimeConstraint.cpp">
      <Filter>Source Files</Filter>
    </ClCompile>
    <ClCompile Include="source\utpp\XmlTestReporter.cpp">
      <Filter>Source Files</Filter>
    </ClCompile>
    <ClCompile Include="source\utpp\TimeHelpers.cpp">
      <Filter>Source Files</Filter>
    </ClCompile>
  </ItemGroup>
  <ItemGroup>
    <ClInclude Include="include\utpp\AssertException.h">
      <Filter>Header Files</Filter>
    </ClInclude>
    <ClInclude Include="include\utpp\CheckMacros.h">
      <Filter>Header Files</Filter>
    </ClInclude>
    <ClInclude Include="include\utpp\Checks.h">
      <Filter>Header Files</Filter>
    </ClInclude>
    <ClInclude Include="include\utpp\Config.h">
      <Filter>Header Files</Filter>
    </ClInclude>
    <ClInclude Include="include\utpp\CurrentTest.h">
      <Filter>Header Files</Filter>
    </ClInclude>
    <ClInclude Include="include\utpp\DeferredTestReporter.h">
      <Filter>Header Files</Filter>
    </ClInclude>
    <ClInclude Include="include\utpp\DeferredTestResult.h">
      <Filter>Header Files</Filter>
    </ClInclude>
    <ClInclude Include="include\utpp\ReportAssert.h">
      <Filter>Header Files</Filter>
    </ClInclude>
    <ClInclude Include="include\utpp\Test.h">
      <Filter>Header Files</Filter>
    </ClInclude>
    <ClInclude Include="include\utpp\TestDetails.h">
      <Filter>Header Files</Filter>
    </ClInclude>
    <ClInclude Include="include\utpp\TestList.h">
      <Filter>Header Files</Filter>
    </ClInclude>
    <ClInclude Include="include\utpp\TestMacros.h">
      <Filter>Header Files</Filter>
    </ClInclude>
    <ClInclude Include="include\utpp\TestReporter.h">
      <Filter>Header Files</Filter>
    </ClInclude>
    <ClInclude Include="include\utpp\TestReporterStdout.h">
      <Filter>Header Files</Filter>
    </ClInclude>
    <ClInclude Include="include\utpp\TestResults.h">
      <Filter>Header Files</Filter>
    </ClInclude>
    <ClInclude Include="include\utpp\TestRunner.h">
      <Filter>Header Files</Filter>
    </ClInclude>
    <ClInclude Include="include\utpp\TestSuite.h">
      <Filter>Header Files</Filter>
    </ClInclude>
    <ClInclude Include="include\utpp\TimeConstraint.h">
      <Filter>Header Files</Filter>
    </ClInclude>
    <ClInclude Include="include\utpp\timehelpers.h">
      <Filter>Header Files</Filter>
    </ClInclude>
    <ClInclude Include="include\utpp\utpp.h">
      <Filter>Header Files</Filter>
    </ClInclude>
    <ClInclude Include="include\utpp\XmlTestReporter.h">
      <Filter>Header Files</Filter>
    </ClInclude>
  </ItemGroup>
  <ItemGroup>
    <None Include="source\utpp\README.md" />
  </ItemGroup>
</Project>