<?xml version="1.0" encoding="utf-8"?>
<Project ToolsVersion="4.0" xmlns="http://schemas.microsoft.com/developer/msbuild/2003">
  <ItemGroup>
    <Filter Include="Source Files">
      <UniqueIdentifier>{4FC737F1-C7A5-4376-A066-2A32D752A2FF}</UniqueIdentifier>
      <Extensions>cpp;c;cc;cxx;def;odl;idl;hpj;bat;asm;asmx</Extensions>
    </Filter>
    <Filter Include="Header Files">
      <UniqueIdentifier>{93995380-89BD-4b04-88EB-625FBE52EBFB}</UniqueIdentifier>
      <Extensions>h;hh;hpp;hxx;hm;inl;inc;xsd</Extensions>
    </Filter>
    <Filter Include="Resource Files">
      <UniqueIdentifier>{67DA6AB6-F800-4c08-8B7A-83BB121AAD01}</UniqueIdentifier>
      <Extensions>rc;ico;cur;bmp;dlg;rc2;rct;bin;rgs;gif;jpg;jpeg;jpe;resx;tiff;tif;png;wav;mfcribbon-ms</Extensions>
    </Filter>
    <Filter Include="Source Files\geom">
      <UniqueIdentifier>{1fc6422d-5ea8-4d51-8ac1-1622df6d0d3f}</UniqueIdentifier>
    </Filter>
  </ItemGroup>
  <ItemGroup>
    <ClInclude Include="..\include\mlib\defs.h">
      <Filter>Header Files</Filter>
    </ClInclude>
    <ClInclude Include="..\include\mlib\dprintf.h">
      <Filter>Header Files</Filter>
    </ClInclude>
    <ClInclude Include="..\include\mlib\log.h">
      <Filter>Header Files</Filter>
    </ClInclude>
    <ClInclude Include="..\include\mlib\trace.h">
      <Filter>Header Files</Filter>
    </ClInclude>
    <ClInclude Include="..\include\mlib\sqlitepp.h">
      <Filter>Header Files</Filter>
    </ClInclude>
    <ClInclude Include="..\include\mlib\basename.h">
      <Filter>Header Files</Filter>
    </ClInclude>
    <ClInclude Include="..\include\mlib\options.h">
      <Filter>Header Files</Filter>
    </ClInclude>
    <ClInclude Include="..\include\mlib\errorcode.h">
      <Filter>Header Files</Filter>
    </ClInclude>
    <ClInclude Include="..\include\mlib\crc32.h">
      <Filter>Header Files</Filter>
    </ClInclude>
    <ClInclude Include="..\include\mlib\critsect.h">
      <Filter>Header Files</Filter>
    </ClInclude>
    <ClInclude Include="..\include\mlib\event.h">
      <Filter>Header Files</Filter>
    </ClInclude>
    <ClInclude Include="..\include\mlib\httpd.h">
      <Filter>Header Files</Filter>
    </ClInclude>
    <ClInclude Include="..\include\mlib\inaddr.h">
      <Filter>Header Files</Filter>
    </ClInclude>
    <ClInclude Include="..\include\mlib\md5.h">
      <Filter>Header Files</Filter>
    </ClInclude>
    <ClInclude Include="..\include\mlib\mutex.h">
      <Filter>Header Files</Filter>
    </ClInclude>
    <ClInclude Include="..\include\mlib\semaphore.h">
      <Filter>Header Files</Filter>
    </ClInclude>
    <ClInclude Include="..\include\mlib\shmem.h">
      <Filter>Header Files</Filter>
    </ClInclude>
    <ClInclude Include="..\include\mlib\syncbase.h">
      <Filter>Header Files</Filter>
    </ClInclude>
    <ClInclude Include="..\include\mlib\tcpserv.h">
      <Filter>Header Files</Filter>
    </ClInclude>
    <ClInclude Include="..\include\mlib\thread.h">
      <Filter>Header Files</Filter>
    </ClInclude>
    <ClInclude Include="..\include\mlib\wsockstream.h">
      <Filter>Header Files</Filter>
    </ClInclude>
    <ClInclude Include="..\include\mlib\firewall.h">
      <Filter>Header Files</Filter>
    </ClInclude>
    <ClInclude Include="..\include\mlib\base64.h">
      <Filter>Header Files</Filter>
    </ClInclude>
    <ClInclude Include="..\include\mlib\convert.h">
      <Filter>Header Files</Filter>
    </ClInclude>
    <ClInclude Include="..\include\mlib\jbridge.h">
      <Filter>Header Files</Filter>
    </ClInclude>
    <ClInclude Include="..\include\mlib\wtimer.h">
      <Filter>Header Files</Filter>
    </ClInclude>
    <ClInclude Include="..\include\mlib\stopwatch.h">
      <Filter>Header Files</Filter>
    </ClInclude>
    <ClInclude Include="..\include\mlib\serenum.h">
      <Filter>Header Files</Filter>
    </ClInclude>
    <ClInclude Include="..\include\mlib\ringbuf.h">
      <Filter>Header Files</Filter>
    </ClInclude>
    <ClInclude Include="..\include\mlib\chull.h">
      <Filter>Header Files</Filter>
    </ClInclude>
    <ClInclude Include="..\include\mlib\border.h">
      <Filter>Header Files</Filter>
    </ClInclude>
    <ClInclude Include="..\include\mlib\point.h">
      <Filter>Header Files</Filter>
    </ClInclude>
    <ClInclude Include="..\include\mlib\nmea.h">
      <Filter>Header Files</Filter>
    </ClInclude>
    <ClInclude Include="..\include\mlib\rotmat.h">
      <Filter>Header Files</Filter>
    </ClInclude>
    <ClInclude Include="..\include\mlib\bitstream.h">
      <Filter>Header Files</Filter>
    </ClInclude>
    <ClInclude Include="..\include\mlib\mlib.h">
      <Filter>Header Files</Filter>
    </ClInclude>
    <ClInclude Include="..\include\mlib\rdir.h">
      <Filter>Header Files</Filter>
    </ClInclude>
    <ClInclude Include="..\include\mlib\statpars.h">
      <Filter>Header Files</Filter>
    </ClInclude>
    <ClInclude Include="..\include\mlib\ipow.h">
      <Filter>Header Files</Filter>
    </ClInclude>
    <ClInclude Include="..\include\mlib\tvops.h">
      <Filter>Header Files</Filter>
    </ClInclude>
    <ClInclude Include="..\include\mlib\poly.h">
      <Filter>Header Files</Filter>
    </ClInclude>
    <ClInclude Include="..\include\mlib\syncque.h">
      <Filter>Header Files</Filter>
    </ClInclude>
    <ClInclude Include="..\include\mlib\biosuuid.h">
      <Filter>Header Files</Filter>
    </ClInclude>
    <ClInclude Include="..\include\mlib\json.h">
      <Filter>Header Files</Filter>
    </ClInclude>
    <ClInclude Include="..\include\mlib\asset.h">
      <Filter>Header Files</Filter>
    </ClInclude>
  </ItemGroup>
  <ItemGroup>
    <ClCompile Include="base64.cpp">
      <Filter>Source Files</Filter>
    </ClCompile>
    <ClCompile Include="basename.cpp">
      <Filter>Source Files</Filter>
    </ClCompile>
    <ClCompile Include="convert.cpp">
      <Filter>Source Files</Filter>
    </ClCompile>
    <ClCompile Include="crc32.c">
      <Filter>Source Files</Filter>
    </ClCompile>
    <ClCompile Include="event.cpp">
      <Filter>Source Files</Filter>
    </ClCompile>
    <ClCompile Include="firewall.cpp">
      <Filter>Source Files</Filter>
    </ClCompile>
    <ClCompile Include="httpd.cpp">
      <Filter>Source Files</Filter>
    </ClCompile>
    <ClCompile Include="inaddr.cpp">
      <Filter>Source Files</Filter>
    </ClCompile>
    <ClCompile Include="jbridge.cpp">
      <Filter>Source Files</Filter>
    </ClCompile>
    <ClCompile Include="log.cpp">
      <Filter>Source Files</Filter>
    </ClCompile>
    <ClCompile Include="md5.c">
      <Filter>Source Files</Filter>
    </ClCompile>
    <ClCompile Include="mutex.cpp">
      <Filter>Source Files</Filter>
    </ClCompile>
    <ClCompile Include="options.cpp">
      <Filter>Source Files</Filter>
    </ClCompile>
    <ClCompile Include="semaphore.cpp">
      <Filter>Source Files</Filter>
    </ClCompile>
    <ClCompile Include="serenum1.cpp">
      <Filter>Source Files</Filter>
    </ClCompile>
    <ClCompile Include="serenum2.cpp">
      <Filter>Source Files</Filter>
    </ClCompile>
    <ClCompile Include="serenum3.cpp">
      <Filter>Source Files</Filter>
    </ClCompile>
    <ClCompile Include="shmem.cpp">
      <Filter>Source Files</Filter>
    </ClCompile>
    <ClCompile Include="sqlitepp.cpp">
      <Filter>Source Files</Filter>
    </ClCompile>
    <ClCompile Include="stopwatch.cpp">
      <Filter>Source Files</Filter>
    </ClCompile>
    <ClCompile Include="syncbase.cpp">
      <Filter>Source Files</Filter>
    </ClCompile>
    <ClCompile Include="tcpserv.cpp">
      <Filter>Source Files</Filter>
    </ClCompile>
    <ClCompile Include="thread.cpp">
      <Filter>Source Files</Filter>
    </ClCompile>
    <ClCompile Include="wsockstream.cpp">
      <Filter>Source Files</Filter>
    </ClCompile>
    <ClCompile Include="wtimer.cpp">
      <Filter>Source Files</Filter>
    </ClCompile>
    <ClCompile Include="geom\border.cpp">
      <Filter>Source Files\geom</Filter>
    </ClCompile>
    <ClCompile Include="geom\chull.cpp">
      <Filter>Source Files\geom</Filter>
    </ClCompile>
    <ClCompile Include="geom\rotmat.cpp">
      <Filter>Source Files\geom</Filter>
    </ClCompile>
    <ClCompile Include="bitstream.cpp">
      <Filter>Source Files</Filter>
    </ClCompile>
    <ClCompile Include="nmea.cpp">
      <Filter>Source Files</Filter>
    </ClCompile>
    <ClCompile Include="rdir.cpp">
      <Filter>Source Files</Filter>
    </ClCompile>
    <ClCompile Include="dprintf.cpp">
      <Filter>Source Files</Filter>
    </ClCompile>
    <ClCompile Include="statpars.cpp">
      <Filter>Source Files</Filter>
    </ClCompile>
    <ClCompile Include="tvops.cpp">
      <Filter>Source Files</Filter>
    </ClCompile>
    <ClCompile Include="biosuuid.cpp">
      <Filter>Source Files</Filter>
    </ClCompile>
    <ClCompile Include="json.cpp">
      <Filter>Source Files</Filter>
    </ClCompile>
    <ClCompile Include="asset.cpp">
      <Filter>Source Files</Filter>
    </ClCompile>
  </ItemGroup>
</Project>